{
  "requires": true,
  "lockfileVersion": 1,
  "dependencies": {
    "@types/core-js": {
      "version": "2.5.0",
      "resolved": "https://registry.npmjs.org/@types/core-js/-/core-js-2.5.0.tgz",
      "integrity": "sha512-qjkHL3wF0JMHMqgm/kmL8Pf8rIiqvueEiZ0g6NVTcBX1WN46GWDr+V5z+gsHUeL0n8TfAmXnYmF7ajsxmBp4PQ=="
    },
    "@types/three": {
      "version": "0.93.22",
      "resolved": "https://registry.npmjs.org/@types/three/-/three-0.93.22.tgz",
      "integrity": "sha512-z3gtO8D7icKFDd+T5M6mALazvxV2ScIeiWZNQE/sAxSCYCuZvTeBrIvCo7i4HKG1fPm2aRPMp0OYF4f0MHddsA=="
    },
    "es6-promise": {
      "version": "4.2.6",
      "resolved": "https://registry.npmjs.org/es6-promise/-/es6-promise-4.2.6.tgz",
      "integrity": "sha512-aRVgGdnmW2OiySVPUC9e6m+plolMAJKjZnQlCwNSuK5yQ0JN61DZSO1X1Ufd1foqWRAlig0rhduTCHe7sVtK5Q=="
    }
  }
}
